# THIS IS AN AUTOGENERATED FILE. DO NOT EDIT THIS FILE DIRECTLY.
# yarn lockfile v1


"@base-sdk/core@0.1.0":
  version "0.1.0"
  resolved "https://registry.yarnpkg.com/@base-sdk/core/-/core-0.1.0.tgz#865eb7373b77d367dd57dc7660452a889d6bb139"
  integrity sha512-JDSgW8OXIj9bpkCZiSZZ4vlDaN+8bZplvCgpkS5yFKbvYlxAFRsAF6AKTxfLu0bGZIxnwt7ZIgDLoPyz4rPtjg==
  dependencies:
    "@reflect-ui/core" "0.0.2-rc.7"
    axios "^0.21.0"

"@base-sdk/url@0.1.0":
  version "0.1.0"
  resolved "https://registry.yarnpkg.com/@base-sdk/url/-/url-0.1.0.tgz#893519151a63048cd5e6d795e8e63518ec717a32"
  integrity sha512-L1icnTJSnDKJbxizdwxkEUxGh4G93rPUQSURn2e3WV6dt+VeT7cGX/zTCp5YBgXrWH5stBn6eKvuYLEIo9jrWw==
  dependencies:
    "@base-sdk/core" "0.1.0"

"@reflect-ui/core@0.0.2-rc.7":
  version "0.0.2-rc.7"
  resolved "https://registry.yarnpkg.com/@reflect-ui/core/-/core-0.0.2-rc.7.tgz#9d531f5a0b9caab31e7563020044b753700e2bbc"
  integrity sha512-EqF4SRU57bfa5DOPET1rv5lROFyMVHLv1xTEIlN6N2gDpXt71QceImWfQp3z3Khqnb4R/p9OhNK6DXGUpozWKw==

"@types/node@^15.6.0":
  version "15.6.0"
  resolved "https://registry.yarnpkg.com/@types/node/-/node-15.6.0.tgz#f0ddca5a61e52627c9dcb771a6039d44694597bc"
  integrity sha512-gCYSfQpy+LYhOFTKAeE8BkyGqaxmlFxe+n4DKM6DR0wzw/HISUE/hAmkC/KT8Sw5PCJblqg062b3z9gucv3k0A==

asynckit@^0.4.0:
  version "0.4.0"
  resolved "https://registry.yarnpkg.com/asynckit/-/asynckit-0.4.0.tgz#c79ed97f7f34cb8f2ba1bc9790bcc366474b4b79"
  integrity sha1-x57Zf380y48robyXkLzDZkdLS3k=

axios@^0.21.0:
  version "0.21.0"
  resolved "https://registry.yarnpkg.com/axios/-/axios-0.21.0.tgz#26df088803a2350dff2c27f96fef99fe49442aca"
  integrity sha512-fmkJBknJKoZwem3/IKSSLpkdNXZeBu5Q7GA/aRsr2btgrptmSCxi2oFjZHqGdK9DoTil9PIHlPIZw2EcRJXRvw==
  dependencies:
    follow-redirects "^1.10.0"

combined-stream@^1.0.8:
  version "1.0.8"
  resolved "https://registry.yarnpkg.com/combined-stream/-/combined-stream-1.0.8.tgz#c3d45a8b34fd730631a110a8a2520682b31d5a7f"
  integrity sha512-FQN4MRfuJeHf7cBbBMJFXhKSDq+2kAArBlmRBvcvFE5BB1HZKXtSFASDhdlz9zOYwxh8lDdnvmMOe/+5cdoEdg==
  dependencies:
    delayed-stream "~1.0.0"

dart-services@^0.2.3:
  version "0.2.3"
  resolved "https://registry.yarnpkg.com/dart-services/-/dart-services-0.2.3.tgz#682bff8403c8f9005c3bb15bf5936714d00ac060"
  integrity sha512-mZw/aewCePENcYNGEIyf1kthLsAmJ2CkAx6WBOYFhZwITxAx2Spj9jbKh3DO3wpBSx1aVPp4Y49ekDEtRgJhNQ==
  dependencies:
    axios "^0.21.0"

delayed-stream@~1.0.0:
  version "1.0.0"
  resolved "https://registry.yarnpkg.com/delayed-stream/-/delayed-stream-1.0.0.tgz#df3ae199acadfb7d440aaae0b29e2272b24ec619"
  integrity sha1-3zrhmayt+31ECqrgsp4icrJOxhk=

follow-redirects@^1.10.0:
  version "1.13.0"
  resolved "https://registry.yarnpkg.com/follow-redirects/-/follow-redirects-1.13.0.tgz#b42e8d93a2a7eea5ed88633676d6597bc8e384db"
  integrity sha512-aq6gF1BEKje4a9i9+5jimNFIpq4Q1WiwBToeRK5NvZBd/TRsmW8BsJfOEGkr76TbOyPVD3OVDN910EcUNtRYEA==

form-data@^3.0.0:
  version "3.0.0"
  resolved "https://registry.yarnpkg.com/form-data/-/form-data-3.0.0.tgz#31b7e39c85f1355b7139ee0c647cf0de7f83c682"
  integrity sha512-CKMFDglpbMi6PyN+brwB9Q/GOw0eAnsrEZDgcsH5Krhz5Od/haKHAX0NmQfha2zPPz0JpWzA7GJHGSnvCRLWsg==
  dependencies:
    asynckit "^0.4.0"
    combined-stream "^1.0.8"
    mime-types "^2.1.12"

mime-db@1.45.0:
  version "1.45.0"
  resolved "https://registry.yarnpkg.com/mime-db/-/mime-db-1.45.0.tgz#cceeda21ccd7c3a745eba2decd55d4b73e7879ea"
  integrity sha512-CkqLUxUk15hofLoLyljJSrukZi8mAtgd+yE5uO4tqRZsdsAJKv0O+rFMhVDRJgozy+yG6md5KwuXhD4ocIoP+w==

mime-types@^2.1.12:
  version "2.1.28"
  resolved "https://registry.yarnpkg.com/mime-types/-/mime-types-2.1.28.tgz#1160c4757eab2c5363888e005273ecf79d2a0ecd"
  integrity sha512-0TO2yJ5YHYr7M2zzT7gDU1tbwHxEUWBCLt0lscSNpcdAfFyJOVEpRYNS7EXVcTLNj/25QO8gulHC5JtTzSE2UQ==
  dependencies:
    mime-db "1.45.0"

typescript@^4.2.4:
  version "4.2.4"
  resolved "https://registry.yarnpkg.com/typescript/-/typescript-4.2.4.tgz#8610b59747de028fda898a8aef0e103f156d0961"
  integrity sha512-V+evlYHZnQkaz8TRBuxTA92yZBPotr5H+WhQ7bD3hZUndx5tGOa1fuCgeSjxAzM1RiN5IzvadIXTVefuuwZCRg==
