# THIS IS AN AUTOGENERATED FILE. DO NOT EDIT THIS FILE DIRECTLY.
# yarn lockfile v1


"@base-sdk/core@0.1.0-1":
  version "0.1.0-1"
  resolved "https://registry.yarnpkg.com/@base-sdk/core/-/core-0.1.0-1.tgz#0cc7102a658caa2e783586f7fb705574711f0072"
  integrity sha512-FRI5tUq4fr3TU5b077O9gGXrZgAll71wtc+mBPN644xVsntnluMvrbLoCRJd8z5Zp98avkbxkulX8QVoiYFn4g==
  dependencies:
    "@reflect-ui/core" "0.0.2-rc.7"
    axios "^0.21.0"

"@otplib/core@^12.0.1":
  version "12.0.1"
  resolved "https://registry.yarnpkg.com/@otplib/core/-/core-12.0.1.tgz#73720a8cedce211fe5b3f683cd5a9c098eaf0f8d"
  integrity sha512-4sGntwbA/AC+SbPhbsziRiD+jNDdIzsZ3JUyfZwjtKyc/wufl1pnSIaG4Uqx8ymPagujub0o92kgBnB89cuAMA==

"@otplib/plugin-crypto@^12.0.1":
  version "12.0.1"
  resolved "https://registry.yarnpkg.com/@otplib/plugin-crypto/-/plugin-crypto-12.0.1.tgz#2b42c624227f4f9303c1c041fca399eddcbae25e"
  integrity sha512-qPuhN3QrT7ZZLcLCyKOSNhuijUi9G5guMRVrxq63r9YNOxxQjPm59gVxLM+7xGnHnM6cimY57tuKsjK7y9LM1g==
  dependencies:
    "@otplib/core" "^12.0.1"

"@otplib/plugin-thirty-two@^12.0.1":
  version "12.0.1"
  resolved "https://registry.yarnpkg.com/@otplib/plugin-thirty-two/-/plugin-thirty-two-12.0.1.tgz#5cc9b56e6e89f2a1fe4a2b38900ca4e11c87aa9e"
  integrity sha512-MtT+uqRso909UkbrrYpJ6XFjj9D+x2Py7KjTO9JDPhL0bJUYVu5kFP4TFZW4NFAywrAtFRxOVY261u0qwb93gA==
  dependencies:
    "@otplib/core" "^12.0.1"
    thirty-two "^1.0.2"

"@otplib/preset-default@^12.0.1":
  version "12.0.1"
  resolved "https://registry.yarnpkg.com/@otplib/preset-default/-/preset-default-12.0.1.tgz#cb596553c08251e71b187ada4a2246ad2a3165ba"
  integrity sha512-xf1v9oOJRyXfluBhMdpOkr+bsE+Irt+0D5uHtvg6x1eosfmHCsCC6ej/m7FXiWqdo0+ZUI6xSKDhJwc8yfiOPQ==
  dependencies:
    "@otplib/core" "^12.0.1"
    "@otplib/plugin-crypto" "^12.0.1"
    "@otplib/plugin-thirty-two" "^12.0.1"

"@otplib/preset-v11@^12.0.1":
  version "12.0.1"
  resolved "https://registry.yarnpkg.com/@otplib/preset-v11/-/preset-v11-12.0.1.tgz#4c7266712e7230500b421ba89252963c838fc96d"
  integrity sha512-9hSetMI7ECqbFiKICrNa4w70deTUfArtwXykPUvSHWOdzOlfa9ajglu7mNCntlvxycTiOAXkQGwjQCzzDEMRMg==
  dependencies:
    "@otplib/core" "^12.0.1"
    "@otplib/plugin-crypto" "^12.0.1"
    "@otplib/plugin-thirty-two" "^12.0.1"

"@reflect-ui/core@0.0.2-rc.7":
  version "0.0.2-rc.7"
  resolved "https://registry.yarnpkg.com/@reflect-ui/core/-/core-0.0.2-rc.7.tgz#9d531f5a0b9caab31e7563020044b753700e2bbc"
  integrity sha512-EqF4SRU57bfa5DOPET1rv5lROFyMVHLv1xTEIlN6N2gDpXt71QceImWfQp3z3Khqnb4R/p9OhNK6DXGUpozWKw==

"@types/node@^15.6.0":
  version "15.6.1"
  resolved "https://registry.yarnpkg.com/@types/node/-/node-15.6.1.tgz#32d43390d5c62c5b6ec486a9bc9c59544de39a08"
  integrity sha512-7EIraBEyRHEe7CH+Fm1XvgqU6uwZN8Q7jppJGcqjROMT29qhAuuOxYB1uEY5UMYQKEmA5D+5tBnhdaPXSsLONA==

axios-retry@^3.1.9:
  version "3.1.9"
  resolved "https://registry.yarnpkg.com/axios-retry/-/axios-retry-3.1.9.tgz#6c30fc9aeb4519aebaec758b90ef56fa03fe72e8"
  integrity sha512-NFCoNIHq8lYkJa6ku4m+V1837TP6lCa7n79Iuf8/AqATAHYB0ISaAS1eyIenDOfHOLtym34W65Sjke2xjg2fsA==
  dependencies:
    is-retry-allowed "^1.1.0"

axios@^0.21.0:
  version "0.21.1"
  resolved "https://registry.yarnpkg.com/axios/-/axios-0.21.1.tgz#22563481962f4d6bde9a76d516ef0e5d3c09b2b8"
  integrity sha512-dKQiRHxGD9PPRIUNIWvZhPTPpl1rf/OxTYKsqKUDjBwYylTvV7SjSHJb9ratfyzM6wCdLCOYLzs73qpg5c4iGA==
  dependencies:
    follow-redirects "^1.10.0"

follow-redirects@^1.10.0:
  version "1.14.1"
  resolved "https://registry.yarnpkg.com/follow-redirects/-/follow-redirects-1.14.1.tgz#d9114ded0a1cfdd334e164e6662ad02bfd91ff43"
  integrity sha512-HWqDgT7ZEkqRzBvc2s64vSZ/hfOceEol3ac/7tKwzuvEyWx3/4UegXh5oBOIotkGsObyk3xznnSRVADBgWSQVg==

is-retry-allowed@^1.1.0:
  version "1.2.0"
  resolved "https://registry.yarnpkg.com/is-retry-allowed/-/is-retry-allowed-1.2.0.tgz#d778488bd0a4666a3be8a1482b9f2baafedea8b4"
  integrity sha512-RUbUeKwvm3XG2VYamhJL1xFktgjvPzL0Hq8C+6yrWIswDy3BIXGqCxhxkc30N9jqK311gVU137K8Ei55/zVJRg==

otplib@^12.0.1:
  version "12.0.1"
  resolved "https://registry.yarnpkg.com/otplib/-/otplib-12.0.1.tgz#c1d3060ab7aadf041ed2960302f27095777d1f73"
  integrity sha512-xDGvUOQjop7RDgxTQ+o4pOol0/3xSZzawTiPKRrHnQWAy0WjhNs/5HdIDJCrqC4MBynmjXgULc6YfioaxZeFgg==
  dependencies:
    "@otplib/core" "^12.0.1"
    "@otplib/preset-default" "^12.0.1"
    "@otplib/preset-v11" "^12.0.1"

thirty-two@^1.0.2:
  version "1.0.2"
  resolved "https://registry.yarnpkg.com/thirty-two/-/thirty-two-1.0.2.tgz#4ca2fffc02a51290d2744b9e3f557693ca6b627a"
  integrity sha1-TKL//AKlEpDSdEueP1V2k8prYno=

typescript@^4.2.4:
  version "4.3.2"
  resolved "https://registry.yarnpkg.com/typescript/-/typescript-4.3.2.tgz#399ab18aac45802d6f2498de5054fcbbe716a805"
  integrity sha512-zZ4hShnmnoVnAHpVHWpTcxdv7dWP60S2FsydQLV8V5PbS3FifjWFFRiHSWpDJahly88PRyV5teTSLoq4eG7mKw==
