# THIS IS AN AUTOGENERATED FILE. DO NOT EDIT THIS FILE DIRECTLY.
# yarn lockfile v1


"@base-sdk/core@0.1.0":
  version "0.1.0"
  resolved "https://registry.yarnpkg.com/@base-sdk/core/-/core-0.1.0.tgz#865eb7373b77d367dd57dc7660452a889d6bb139"
  integrity sha512-JDSgW8OXIj9bpkCZiSZZ4vlDaN+8bZplvCgpkS5yFKbvYlxAFRsAF6AKTxfLu0bGZIxnwt7ZIgDLoPyz4rPtjg==
  dependencies:
    "@reflect-ui/core" "0.0.2-rc.7"
    axios "^0.21.0"

"@reflect-ui/core@0.0.2-rc.7":
  version "0.0.2-rc.7"
  resolved "https://registry.yarnpkg.com/@reflect-ui/core/-/core-0.0.2-rc.7.tgz#9d531f5a0b9caab31e7563020044b753700e2bbc"
  integrity sha512-EqF4SRU57bfa5DOPET1rv5lROFyMVHLv1xTEIlN6N2gDpXt71QceImWfQp3z3Khqnb4R/p9OhNK6DXGUpozWKw==

"@types/node@^15.6.0":
  version "15.14.9"
  resolved "https://registry.yarnpkg.com/@types/node/-/node-15.14.9.tgz#bc43c990c3c9be7281868bbc7b8fdd6e2b57adfa"
  integrity sha512-qjd88DrCxupx/kJD5yQgZdcYKZKSIGBVDIBE1/LTGcNm3d2Np/jxojkdePDdfnBHJc5W7vSMpbJ1aB7p/Py69A==

axios@^0.21.0:
  version "0.21.1"
  resolved "https://registry.yarnpkg.com/axios/-/axios-0.21.1.tgz#22563481962f4d6bde9a76d516ef0e5d3c09b2b8"
  integrity sha512-dKQiRHxGD9PPRIUNIWvZhPTPpl1rf/OxTYKsqKUDjBwYylTvV7SjSHJb9ratfyzM6wCdLCOYLzs73qpg5c4iGA==
  dependencies:
    follow-redirects "^1.10.0"

follow-redirects@^1.10.0:
  version "1.14.2"
  resolved "https://registry.yarnpkg.com/follow-redirects/-/follow-redirects-1.14.2.tgz#cecb825047c00f5e66b142f90fed4f515dec789b"
  integrity sha512-yLR6WaE2lbF0x4K2qE2p9PEXKLDjUjnR/xmjS3wHAYxtlsI9MLLBJUZirAHKzUZDGLxje7w/cXR49WOUo4rbsA==

typescript@^4.2.4:
  version "4.3.5"
  resolved "https://registry.yarnpkg.com/typescript/-/typescript-4.3.5.tgz#4d1c37cc16e893973c45a06886b7113234f119f4"
  integrity sha512-DqQgihaQ9cUrskJo9kIyW/+g0Vxsk8cDtZ52a3NGh0YNTfpUSArXSohyUGnvbPazEPLu398C0UxmKSOrPumUzA==
