# THIS IS AN AUTOGENERATED FILE. DO NOT EDIT THIS FILE DIRECTLY.
# yarn lockfile v1


"@base-sdk/core@0.1.0":
  version "0.1.0"
  resolved "https://registry.yarnpkg.com/@base-sdk/core/-/core-0.1.0.tgz#865eb7373b77d367dd57dc7660452a889d6bb139"
  integrity sha512-JDSgW8OXIj9bpkCZiSZZ4vlDaN+8bZplvCgpkS5yFKbvYlxAFRsAF6AKTxfLu0bGZIxnwt7ZIgDLoPyz4rPtjg==
  dependencies:
    "@reflect-ui/core" "0.0.2-rc.7"
    axios "^0.21.0"

"@reflect-ui/core@0.0.2-rc.7":
  version "0.0.2-rc.7"
  resolved "https://registry.yarnpkg.com/@reflect-ui/core/-/core-0.0.2-rc.7.tgz#9d531f5a0b9caab31e7563020044b753700e2bbc"
  integrity sha512-EqF4SRU57bfa5DOPET1rv5lROFyMVHLv1xTEIlN6N2gDpXt71QceImWfQp3z3Khqnb4R/p9OhNK6DXGUpozWKw==

"@types/node@^15.6.0":
  version "15.14.9"
  resolved "https://registry.yarnpkg.com/@types/node/-/node-15.14.9.tgz#bc43c990c3c9be7281868bbc7b8fdd6e2b57adfa"
  integrity sha512-qjd88DrCxupx/kJD5yQgZdcYKZKSIGBVDIBE1/LTGcNm3d2Np/jxojkdePDdfnBHJc5W7vSMpbJ1aB7p/Py69A==

axios@^0.21.0:
  version "0.21.4"
  resolved "https://registry.yarnpkg.com/axios/-/axios-0.21.4.tgz#c67b90dc0568e5c1cf2b0b858c43ba28e2eda575"
  integrity sha512-ut5vewkiu8jjGBdqpM44XxjuCjq9LAKeHVmoVfHVzy8eHgxxq8SbAVQNovDA8mVi05kP0Ea/n/UzcSHcTJQfNg==
  dependencies:
    follow-redirects "^1.14.0"

follow-redirects@^1.14.0:
  version "1.14.9"
  resolved "https://registry.yarnpkg.com/follow-redirects/-/follow-redirects-1.14.9.tgz#dd4ea157de7bfaf9ea9b3fbd85aa16951f78d8d7"
  integrity sha512-MQDfihBQYMcyy5dhRDJUHcw7lb2Pv/TuE6xP1vyraLukNDHKbDxDNaOE3NbCAdKQApno+GPRyo1YAp89yCjK4w==

typescript@^4.2.4:
  version "4.5.5"
  resolved "https://registry.yarnpkg.com/typescript/-/typescript-4.5.5.tgz#d8c953832d28924a9e3d37c73d729c846c5896f3"
  integrity sha512-TCTIul70LyWe6IJWT8QSYeA54WQe8EjQFU4wY52Fasj5UKx88LNYKCgBEHcOMOrFF1rKGbD8v/xcNWVUq9SymA==
