# THIS IS AN AUTOGENERATED FILE. DO NOT EDIT THIS FILE DIRECTLY.
# yarn lockfile v1


"@base-sdk/build@0.1.0-2":
  version "0.1.0-2"
  resolved "https://registry.yarnpkg.com/@base-sdk/build/-/build-0.1.0-2.tgz#5a3432de3fccfe6ca34eafcb889e85a35cab86ee"
  integrity sha512-F8fwscQKx1MTyBtIrRaYNA6mDhflIgwKJaq+MY2PZcgcDXgfQKZYRpVlTn6gW1hPbUvSBhwuV2Guk1Z8d4Qm5g==
  dependencies:
    "@base-sdk/core" "0.1.0"
    "@base-sdk/hosting" "0.1.0"
    "@base-sdk/url" "0.1.0"
    dart-services "^0.2.3"

"@base-sdk/core@0.1.0":
  version "0.1.0"
  resolved "https://registry.yarnpkg.com/@base-sdk/core/-/core-0.1.0.tgz#865eb7373b77d367dd57dc7660452a889d6bb139"
  integrity sha512-JDSgW8OXIj9bpkCZiSZZ4vlDaN+8bZplvCgpkS5yFKbvYlxAFRsAF6AKTxfLu0bGZIxnwt7ZIgDLoPyz4rPtjg==
  dependencies:
    "@reflect-ui/core" "0.0.2-rc.7"
    axios "^0.21.0"

"@base-sdk/hosting@0.1.0":
  version "0.1.0"
  resolved "https://registry.yarnpkg.com/@base-sdk/hosting/-/hosting-0.1.0.tgz#ecf5aa91f51125ccad1d7821ff48eef74521cb5b"
  integrity sha512-6u200fa6XJjZSR+dgeONPnhkt8wZCL0pF7TXl62MQ+zqTH/axx6t4T8gEOVM8Llpm0X3jdAbVGRuza+SnS9/Uw==
  dependencies:
    "@base-sdk/core" "0.1.0"
    form-data "^3.0.0"

"@base-sdk/resources@0.1.0":
  version "0.1.0"
  resolved "https://registry.yarnpkg.com/@base-sdk/resources/-/resources-0.1.0.tgz#ea99550a53caa8e04c0735e16866d8a91001b319"
  integrity sha512-Mi3P+zDd61N4iUTEvsXuHjN6MIJGz2Kzb09mlmYS5RL+vLtGAv12w4dkLFmKwo6JPzmtNss5R4erbSOfjOhyew==
  dependencies:
    "@base-sdk/core" "0.1.0"

"@base-sdk/url@0.1.0":
  version "0.1.0"
  resolved "https://registry.yarnpkg.com/@base-sdk/url/-/url-0.1.0.tgz#893519151a63048cd5e6d795e8e63518ec717a32"
  integrity sha512-L1icnTJSnDKJbxizdwxkEUxGh4G93rPUQSURn2e3WV6dt+VeT7cGX/zTCp5YBgXrWH5stBn6eKvuYLEIo9jrWw==
  dependencies:
    "@base-sdk/core" "0.1.0"

"@reflect-ui/core@0.0.2-rc.7":
  version "0.0.2-rc.7"
  resolved "https://registry.yarnpkg.com/@reflect-ui/core/-/core-0.0.2-rc.7.tgz#9d531f5a0b9caab31e7563020044b753700e2bbc"
  integrity sha512-EqF4SRU57bfa5DOPET1rv5lROFyMVHLv1xTEIlN6N2gDpXt71QceImWfQp3z3Khqnb4R/p9OhNK6DXGUpozWKw==

"@types/node@^15.6.0":
  version "15.6.0"
  resolved "https://registry.yarnpkg.com/@types/node/-/node-15.6.0.tgz#f0ddca5a61e52627c9dcb771a6039d44694597bc"
  integrity sha512-gCYSfQpy+LYhOFTKAeE8BkyGqaxmlFxe+n4DKM6DR0wzw/HISUE/hAmkC/KT8Sw5PCJblqg062b3z9gucv3k0A==

asynckit@^0.4.0:
  version "0.4.0"
  resolved "https://registry.yarnpkg.com/asynckit/-/asynckit-0.4.0.tgz#c79ed97f7f34cb8f2ba1bc9790bcc366474b4b79"
  integrity sha1-x57Zf380y48robyXkLzDZkdLS3k=

axios@^0.21.0:
  version "0.21.1"
  resolved "https://registry.yarnpkg.com/axios/-/axios-0.21.1.tgz#22563481962f4d6bde9a76d516ef0e5d3c09b2b8"
  integrity sha512-dKQiRHxGD9PPRIUNIWvZhPTPpl1rf/OxTYKsqKUDjBwYylTvV7SjSHJb9ratfyzM6wCdLCOYLzs73qpg5c4iGA==
  dependencies:
    follow-redirects "^1.10.0"

combined-stream@^1.0.8:
  version "1.0.8"
  resolved "https://registry.yarnpkg.com/combined-stream/-/combined-stream-1.0.8.tgz#c3d45a8b34fd730631a110a8a2520682b31d5a7f"
  integrity sha512-FQN4MRfuJeHf7cBbBMJFXhKSDq+2kAArBlmRBvcvFE5BB1HZKXtSFASDhdlz9zOYwxh8lDdnvmMOe/+5cdoEdg==
  dependencies:
    delayed-stream "~1.0.0"

dart-services@^0.2.3:
  version "0.2.3"
  resolved "https://registry.yarnpkg.com/dart-services/-/dart-services-0.2.3.tgz#682bff8403c8f9005c3bb15bf5936714d00ac060"
  integrity sha512-mZw/aewCePENcYNGEIyf1kthLsAmJ2CkAx6WBOYFhZwITxAx2Spj9jbKh3DO3wpBSx1aVPp4Y49ekDEtRgJhNQ==
  dependencies:
    axios "^0.21.0"

delayed-stream@~1.0.0:
  version "1.0.0"
  resolved "https://registry.yarnpkg.com/delayed-stream/-/delayed-stream-1.0.0.tgz#df3ae199acadfb7d440aaae0b29e2272b24ec619"
  integrity sha1-3zrhmayt+31ECqrgsp4icrJOxhk=

follow-redirects@^1.10.0:
  version "1.14.1"
  resolved "https://registry.yarnpkg.com/follow-redirects/-/follow-redirects-1.14.1.tgz#d9114ded0a1cfdd334e164e6662ad02bfd91ff43"
  integrity sha512-HWqDgT7ZEkqRzBvc2s64vSZ/hfOceEol3ac/7tKwzuvEyWx3/4UegXh5oBOIotkGsObyk3xznnSRVADBgWSQVg==

form-data@^3.0.0:
  version "3.0.1"
  resolved "https://registry.yarnpkg.com/form-data/-/form-data-3.0.1.tgz#ebd53791b78356a99af9a300d4282c4d5eb9755f"
  integrity sha512-RHkBKtLWUVwd7SqRIvCZMEvAMoGUp0XU+seQiZejj0COz3RI3hWP4sCv3gZWWLjJTd7rGwcsF5eKZGii0r/hbg==
  dependencies:
    asynckit "^0.4.0"
    combined-stream "^1.0.8"
    mime-types "^2.1.12"

mime-db@1.47.0:
  version "1.47.0"
  resolved "https://registry.yarnpkg.com/mime-db/-/mime-db-1.47.0.tgz#8cb313e59965d3c05cfbf898915a267af46a335c"
  integrity sha512-QBmA/G2y+IfeS4oktet3qRZ+P5kPhCKRXxXnQEudYqUaEioAU1/Lq2us3D/t1Jfo4hE9REQPrbB7K5sOczJVIw==

mime-types@^2.1.12:
  version "2.1.30"
  resolved "https://registry.yarnpkg.com/mime-types/-/mime-types-2.1.30.tgz#6e7be8b4c479825f85ed6326695db73f9305d62d"
  integrity sha512-crmjA4bLtR8m9qLpHvgxSChT+XoSlZi8J4n/aIdn3z92e/U47Z0V/yl+Wh9W046GgFVAmoNR/fmdbZYcSSIUeg==
  dependencies:
    mime-db "1.47.0"

typescript@^4.2.4:
  version "4.2.4"
  resolved "https://registry.yarnpkg.com/typescript/-/typescript-4.2.4.tgz#8610b59747de028fda898a8aef0e103f156d0961"
  integrity sha512-V+evlYHZnQkaz8TRBuxTA92yZBPotr5H+WhQ7bD3hZUndx5tGOa1fuCgeSjxAzM1RiN5IzvadIXTVefuuwZCRg==
